// !$*UTF8*$!
{
	archiveVersion = 1;
	classes = {
	};
	objectVersion = 56;
	objects = {

/* Begin PBXBuildFile section */
		1A421D772B58E455008040CA /* SetReminderView.swift in Sources */ = {isa = PBXBuildFile; fileRef = 1A421D762B58E455008040CA /* SetReminderView.swift */; };
		1A421D792B59008E008040CA /* ReminderDetailView.swift in Sources */ = {isa = PBXBuildFile; fileRef = 1A421D782B59008E008040CA /* ReminderDetailView.swift */; };
		1A4245E12B55D4C7004157B5 /* Conditional_Reminder_AppApp.swift in Sources */ = {isa = PBXBuildFile; fileRef = 1A4245E02B55D4C7004157B5 /* Conditional_Reminder_AppApp.swift */; };
		1A4245E32B55D4C7004157B5 /* ContentView.swift in Sources */ = {isa = PBXBuildFile; fileRef = 1A4245E22B55D4C7004157B5 /* ContentView.swift */; };
		1A4245E52B55D4CD004157B5 /* Assets.xcassets in Resources */ = {isa = PBXBuildFile; fileRef = 1A4245E42B55D4CD004157B5 /* Assets.xcassets */; };
		1A4245E92B55D4CD004157B5 /* Preview Assets.xcassets in Resources */ = {isa = PBXBuildFile; fileRef = 1A4245E82B55D4CD004157B5 /* Preview Assets.xcassets */; };
		1A4245F32B55D4CE004157B5 /* Conditional_Reminder_AppTests.swift in Sources */ = {isa = PBXBuildFile; fileRef = 1A4245F22B55D4CE004157B5 /* Conditional_Reminder_AppTests.swift */; };
		1A4245FD2B55D4CE004157B5 /* Conditional_Reminder_AppUITests.swift in Sources */ = {isa = PBXBuildFile; fileRef = 1A4245FC2B55D4CE004157B5 /* Conditional_Reminder_AppUITests.swift */; };
		1A4245FF2B55D4CE004157B5 /* Conditional_Reminder_AppUITestsLaunchTests.swift in Sources */ = {isa = PBXBuildFile; fileRef = 1A4245FE2B55D4CE004157B5 /* Conditional_Reminder_AppUITestsLaunchTests.swift */; };
		1AD5470B2B6888BC00284D3E /* Location Logic.swift in Sources */ = {isa = PBXBuildFile; fileRef = 1AD5470A2B6888BC00284D3E /* Location Logic.swift */; };
		1AD5470D2B688A3F00284D3E /* ReminderModel.swift in Sources */ = {isa = PBXBuildFile; fileRef = 1AD5470C2B688A3F00284D3E /* ReminderModel.swift */; };
		1AD5470F2B688B8300284D3E /* reminderstorage.swift in Sources */ = {isa = PBXBuildFile; fileRef = 1AD5470E2B688B8300284D3E /* reminderstorage.swift */; };
		1AD547122B688FAC00284D3E /* ReminderModel.xcdatamodeld in Sources */ = {isa = PBXBuildFile; fileRef = 1AD547102B688FAC00284D3E /* ReminderModel.xcdatamodeld */; };
		1AD547152B68916500284D3E /* ReminderEntity+CoreDataClass.swift in Sources */ = {isa = PBXBuildFile; fileRef = 1AD547132B68916500284D3E /* ReminderEntity+CoreDataClass.swift */; };
		1AD547162B68916500284D3E /* ReminderEntity+CoreDataProperties.swift in Sources */ = {isa = PBXBuildFile; fileRef = 1AD547142B68916500284D3E /* ReminderEntity+CoreDataProperties.swift */; };
/* End PBXBuildFile section */

/* Begin PBXContainerItemProxy section */
		1A4245EF2B55D4CE004157B5 /* PBXContainerItemProxy */ = {
			isa = PBXContainerItemProxy;
			containerPortal = 1A4245D52B55D4C7004157B5 /* Project object */;
			proxyType = 1;
			remoteGlobalIDString = 1A4245DC2B55D4C7004157B5;
			remoteInfo = "Conditional Reminder App";
		};
		1A4245F92B55D4CE004157B5 /* PBXContainerItemProxy */ = {
			isa = PBXContainerItemProxy;
			containerPortal = 1A4245D52B55D4C7004157B5 /* Project object */;
			proxyType = 1;
			remoteGlobalIDString = 1A4245DC2B55D4C7004157B5;
			remoteInfo = "Conditional Reminder App";
		};
/* End PBXContainerItemProxy section */

/* Begin PBXFileReference section */
		1A421D762B58E455008040CA /* SetReminderView.swift */ = {isa = PBXFileReference; lastKnownFileType = sourcecode.swift; path = SetReminderView.swift; sourceTree = "<group>"; };
		1A421D782B59008E008040CA /* ReminderDetailView.swift */ = {isa = PBXFileReference; lastKnownFileType = sourcecode.swift; path = ReminderDetailView.swift; sourceTree = "<group>"; };
		1A4245DD2B55D4C7004157B5 /* Conditional Reminder App.app */ = {isa = PBXFileReference; explicitFileType = wrapper.application; includeInIndex = 0; path = "Conditional Reminder App.app"; sourceTree = BUILT_PRODUCTS_DIR; };
		1A4245E02B55D4C7004157B5 /* Conditional_Reminder_AppApp.swift */ = {isa = PBXFileReference; lastKnownFileType = sourcecode.swift; path = Conditional_Reminder_AppApp.swift; sourceTree = "<group>"; };
		1A4245E22B55D4C7004157B5 /* ContentView.swift */ = {isa = PBXFileReference; lastKnownFileType = sourcecode.swift; path = ContentView.swift; sourceTree = "<group>"; };
		1A4245E42B55D4CD004157B5 /* Assets.xcassets */ = {isa = PBXFileReference; lastKnownFileType = folder.assetcatalog; path = Assets.xcassets; sourceTree = "<group>"; };
		1A4245E62B55D4CD004157B5 /* Conditional_Reminder_App.entitlements */ = {isa = PBXFileReference; lastKnownFileType = text.plist.entitlements; path = Conditional_Reminder_App.entitlements; sourceTree = "<group>"; };
		1A4245E82B55D4CD004157B5 /* Preview Assets.xcassets */ = {isa = PBXFileReference; lastKnownFileType = folder.assetcatalog; path = "Preview Assets.xcassets"; sourceTree = "<group>"; };
		1A4245EE2B55D4CE004157B5 /* Conditional Reminder AppTests.xctest */ = {isa = PBXFileReference; explicitFileType = wrapper.cfbundle; includeInIndex = 0; path = "Conditional Reminder AppTests.xctest"; sourceTree = BUILT_PRODUCTS_DIR; };
		1A4245F22B55D4CE004157B5 /* Conditional_Reminder_AppTests.swift */ = {isa = PBXFileReference; lastKnownFileType = sourcecode.swift; path = Conditional_Reminder_AppTests.swift; sourceTree = "<group>"; };
		1A4245F82B55D4CE004157B5 /* Conditional Reminder AppUITests.xctest */ = {isa = PBXFileReference; explicitFileType = wrapper.cfbundle; includeInIndex = 0; path = "Conditional Reminder AppUITests.xctest"; sourceTree = BUILT_PRODUCTS_DIR; };
		1A4245FC2B55D4CE004157B5 /* Conditional_Reminder_AppUITests.swift */ = {isa = PBXFileReference; lastKnownFileType = sourcecode.swift; path = Conditional_Reminder_AppUITests.swift; sourceTree = "<group>"; };
		1A4245FE2B55D4CE004157B5 /* Conditional_Reminder_AppUITestsLaunchTests.swift */ = {isa = PBXFileReference; lastKnownFileType = sourcecode.swift; path = Conditional_Reminder_AppUITestsLaunchTests.swift; sourceTree = "<group>"; };
		1AD5470A2B6888BC00284D3E /* Location Logic.swift */ = {isa = PBXFileReference; lastKnownFileType = sourcecode.swift; path = "Location Logic.swift"; sourceTree = "<group>"; };
		1AD5470C2B688A3F00284D3E /* ReminderModel.swift */ = {isa = PBXFileReference; lastKnownFileType = sourcecode.swift; path = ReminderModel.swift; sourceTree = "<group>"; };
		1AD5470E2B688B8300284D3E /* reminderstorage.swift */ = {isa = PBXFileReference; lastKnownFileType = sourcecode.swift; path = reminderstorage.swift; sourceTree = "<group>"; };
		1AD547112B688FAC00284D3E /* ReminderModel.xcdatamodel */ = {isa = PBXFileReference; lastKnownFileType = wrapper.xcdatamodel; path = ReminderModel.xcdatamodel; sourceTree = "<group>"; };
		1AD547132B68916500284D3E /* ReminderEntity+CoreDataClass.swift */ = {isa = PBXFileReference; lastKnownFileType = sourcecode.swift; path = "ReminderEntity+CoreDataClass.swift"; sourceTree = "<group>"; };
		1AD547142B68916500284D3E /* ReminderEntity+CoreDataProperties.swift */ = {isa = PBXFileReference; lastKnownFileType = sourcecode.swift; path = "ReminderEntity+CoreDataProperties.swift"; sourceTree = "<group>"; };
/* End PBXFileReference section */

/* Begin PBXFrameworksBuildPhase section */
		1A4245DA2B55D4C7004157B5 /* Frameworks */ = {
			isa = PBXFrameworksBuildPhase;
			buildActionMask = 2147483647;
			files = (
			);
			runOnlyForDeploymentPostprocessing = 0;
		};
		1A4245EB2B55D4CE004157B5 /* Frameworks */ = {
			isa = PBXFrameworksBuildPhase;
			buildActionMask = 2147483647;
			files = (
			);
			runOnlyForDeploymentPostprocessing = 0;
		};
		1A4245F52B55D4CE004157B5 /* Frameworks */ = {
			isa = PBXFrameworksBuildPhase;
			buildActionMask = 2147483647;
			files = (
			);
			runOnlyForDeploymentPostprocessing = 0;
		};
/* End PBXFrameworksBuildPhase section */

/* Begin PBXGroup section */
		1A4245D42B55D4C7004157B5 = {
			isa = PBXGroup;
			children = (
				1AD547132B68916500284D3E /* ReminderEntity+CoreDataClass.swift */,
				1AD547142B68916500284D3E /* ReminderEntity+CoreDataProperties.swift */,
				1A4245DF2B55D4C7004157B5 /* Conditional Reminder App */,
				1A4245F12B55D4CE004157B5 /* Conditional Reminder AppTests */,
				1A4245FB2B55D4CE004157B5 /* Conditional Reminder AppUITests */,
				1A4245DE2B55D4C7004157B5 /* Products */,
			);
			sourceTree = "<group>";
		};
		1A4245DE2B55D4C7004157B5 /* Products */ = {
			isa = PBXGroup;
			children = (
				1A4245DD2B55D4C7004157B5 /* Conditional Reminder App.app */,
				1A4245EE2B55D4CE004157B5 /* Conditional Reminder AppTests.xctest */,
				1A4245F82B55D4CE004157B5 /* Conditional Reminder AppUITests.xctest */,
			);
			name = Products;
			sourceTree = "<group>";
		};
		1A4245DF2B55D4C7004157B5 /* Conditional Reminder App */ = {
			isa = PBXGroup;
			children = (
				1A4245E02B55D4C7004157B5 /* Conditional_Reminder_AppApp.swift */,
				1A4245E22B55D4C7004157B5 /* ContentView.swift */,
				1A421D762B58E455008040CA /* SetReminderView.swift */,
				1A421D782B59008E008040CA /* ReminderDetailView.swift */,
				1AD5470C2B688A3F00284D3E /* ReminderModel.swift */,
				1AD5470E2B688B8300284D3E /* reminderstorage.swift */,
				1AD547102B688FAC00284D3E /* ReminderModel.xcdatamodeld */,
				1AD5470A2B6888BC00284D3E /* Location Logic.swift */,
				1A4245E42B55D4CD004157B5 /* Assets.xcassets */,
				1A4245E62B55D4CD004157B5 /* Conditional_Reminder_App.entitlements */,
				1A4245E72B55D4CD004157B5 /* Preview Content */,
			);
			path = "Conditional Reminder App";
			sourceTree = "<group>";
		};
		1A4245E72B55D4CD004157B5 /* Preview Content */ = {
			isa = PBXGroup;
			children = (
				1A4245E82B55D4CD004157B5 /* Preview Assets.xcassets */,
			);
			path = "Preview Content";
			sourceTree = "<group>";
		};
		1A4245F12B55D4CE004157B5 /* Conditional Reminder AppTests */ = {
			isa = PBXGroup;
			children = (
				1A4245F22B55D4CE004157B5 /* Conditional_Reminder_AppTests.swift */,
			);
			path = "Conditional Reminder AppTests";
			sourceTree = "<group>";
		};
		1A4245FB2B55D4CE004157B5 /* Conditional Reminder AppUITests */ = {
			isa = PBXGroup;
			children = (
				1A4245FC2B55D4CE004157B5 /* Conditional_Reminder_AppUITests.swift */,
				1A4245FE2B55D4CE004157B5 /* Conditional_Reminder_AppUITestsLaunchTests.swift */,
			);
			path = "Conditional Reminder AppUITests";
			sourceTree = "<group>";
		};
/* End PBXGroup section */

/* Begin PBXNativeTarget section */
		1A4245DC2B55D4C7004157B5 /* Conditional Reminder App */ = {
			isa = PBXNativeTarget;
			buildConfigurationList = 1A4246022B55D4CE004157B5 /* Build configuration list for PBXNativeTarget "Conditional Reminder App" */;
			buildPhases = (
				1A4245D92B55D4C7004157B5 /* Sources */,
				1A4245DA2B55D4C7004157B5 /* Frameworks */,
				1A4245DB2B55D4C7004157B5 /* Resources */,
			);
			buildRules = (
			);
			dependencies = (
			);
			name = "Conditional Reminder App";
			productName = "Conditional Reminder App";
			productReference = 1A4245DD2B55D4C7004157B5 /* Conditional Reminder App.app */;
			productType = "com.apple.product-type.application";
		};
		1A4245ED2B55D4CE004157B5 /* Conditional Reminder AppTests */ = {
			isa = PBXNativeTarget;
			buildConfigurationList = 1A4246052B55D4CE004157B5 /* Build configuration list for PBXNativeTarget "Conditional Reminder AppTests" */;
			buildPhases = (
				1A4245EA2B55D4CE004157B5 /* Sources */,
				1A4245EB2B55D4CE004157B5 /* Frameworks */,
				1A4245EC2B55D4CE004157B5 /* Resources */,
			);
			buildRules = (
			);
			dependencies = (
				1A4245F02B55D4CE004157B5 /* PBXTargetDependency */,
			);
			name = "Conditional Reminder AppTests";
			productName = "Conditional Reminder AppTests";
			productReference = 1A4245EE2B55D4CE004157B5 /* Conditional Reminder AppTests.xctest */;
			productType = "com.apple.product-type.bundle.unit-test";
		};
		1A4245F72B55D4CE004157B5 /* Conditional Reminder AppUITests */ = {
			isa = PBXNativeTarget;
			buildConfigurationList = 1A4246082B55D4CE004157B5 /* Build configuration list for PBXNativeTarget "Conditional Reminder AppUITests" */;
			buildPhases = (
				1A4245F42B55D4CE004157B5 /* Sources */,
				1A4245F52B55D4CE004157B5 /* Frameworks */,
				1A4245F62B55D4CE004157B5 /* Resources */,
			);
			buildRules = (
			);
			dependencies = (
				1A4245FA2B55D4CE004157B5 /* PBXTargetDependency */,
			);
			name = "Conditional Reminder AppUITests";
			productName = "Conditional Reminder AppUITests";
			productReference = 1A4245F82B55D4CE004157B5 /* Conditional Reminder AppUITests.xctest */;
			productType = "com.apple.product-type.bundle.ui-testing";
		};
/* End PBXNativeTarget section */

/* Begin PBXProject section */
		1A4245D52B55D4C7004157B5 /* Project object */ = {
			isa = PBXProject;
			attributes = {
				BuildIndependentTargetsInParallel = 1;
				LastSwiftUpdateCheck = 1520;
				LastUpgradeCheck = 1520;
				TargetAttributes = {
					1A4245DC2B55D4C7004157B5 = {
						CreatedOnToolsVersion = 15.2;
					};
					1A4245ED2B55D4CE004157B5 = {
						CreatedOnToolsVersion = 15.2;
						TestTargetID = 1A4245DC2B55D4C7004157B5;
					};
					1A4245F72B55D4CE004157B5 = {
						CreatedOnToolsVersion = 15.2;
						TestTargetID = 1A4245DC2B55D4C7004157B5;
					};
				};
			};
			buildConfigurationList = 1A4245D82B55D4C7004157B5 /* Build configuration list for PBXProject "Conditional Reminder App" */;
			compatibilityVersion = "Xcode 14.0";
			developmentRegion = en;
			hasScannedForEncodings = 0;
			knownRegions = (
				en,
				Base,
			);
			mainGroup = 1A4245D42B55D4C7004157B5;
			productRefGroup = 1A4245DE2B55D4C7004157B5 /* Products */;
			projectDirPath = "";
			projectRoot = "";
			targets = (
				1A4245DC2B55D4C7004157B5 /* Conditional Reminder App */,
				1A4245ED2B55D4CE004157B5 /* Conditional Reminder AppTests */,
				1A4245F72B55D4CE004157B5 /* Conditional Reminder AppUITests */,
			);
		};
/* End PBXProject section */

/* Begin PBXResourcesBuildPhase section */
		1A4245DB2B55D4C7004157B5 /* Resources */ = {
			isa = PBXResourcesBuildPhase;
			buildActionMask = 2147483647;
			files = (
				1A4245E92B55D4CD004157B5 /* Preview Assets.xcassets in Resources */,
				1A4245E52B55D4CD004157B5 /* Assets.xcassets in Resources */,
			);
			runOnlyForDeploymentPostprocessing = 0;
		};
		1A4245EC2B55D4CE004157B5 /* Resources */ = {
			isa = PBXResourcesBuildPhase;
			buildActionMask = 2147483647;
			files = (
			);
			runOnlyForDeploymentPostprocessing = 0;
		};
		1A4245F62B55D4CE004157B5 /* Resources */ = {
			isa = PBXResourcesBuildPhase;
			buildActionMask = 2147483647;
			files = (
			);
			runOnlyForDeploymentPostprocessing = 0;
		};
/* End PBXResourcesBuildPhase section */

/* Begin PBXSourcesBuildPhase section */
		1A4245D92B55D4C7004157B5 /* Sources */ = {
			isa = PBXSourcesBuildPhase;
			buildActionMask = 2147483647;
			files = (
				1AD547162B68916500284D3E /* ReminderEntity+CoreDataProperties.swift in Sources */,
				1AD5470B2B6888BC00284D3E /* Location Logic.swift in Sources */,
				1AD547152B68916500284D3E /* ReminderEntity+CoreDataClass.swift in Sources */,
				1AD547122B688FAC00284D3E /* ReminderModel.xcdatamodeld in Sources */,
				1AD5470F2B688B8300284D3E /* reminderstorage.swift in Sources */,
				1A4245E32B55D4C7004157B5 /* ContentView.swift in Sources */,
				1A421D772B58E455008040CA /* SetReminderView.swift in Sources */,
				1A4245E12B55D4C7004157B5 /* Conditional_Reminder_AppApp.swift in Sources */,
				1A421D792B59008E008040CA /* ReminderDetailView.swift in Sources */,
				1AD5470D2B688A3F00284D3E /* ReminderModel.swift in Sources */,
			);
			runOnlyForDeploymentPostprocessing = 0;
		};
		1A4245EA2B55D4CE004157B5 /* Sources */ = {
			isa = PBXSourcesBuildPhase;
			buildActionMask = 2147483647;
			files = (
				1A4245F32B55D4CE004157B5 /* Conditional_Reminder_AppTests.swift in Sources */,
			);
			runOnlyForDeploymentPostprocessing = 0;
		};
		1A4245F42B55D4CE004157B5 /* Sources */ = {
			isa = PBXSourcesBuildPhase;
			buildActionMask = 2147483647;
			files = (
				1A4245FD2B55D4CE004157B5 /* Conditional_Reminder_AppUITests.swift in Sources */,
				1A4245FF2B55D4CE004157B5 /* Conditional_Reminder_AppUITestsLaunchTests.swift in Sources */,
			);
			runOnlyForDeploymentPostprocessing = 0;
		};
/* End PBXSourcesBuildPhase section */

/* Begin PBXTargetDependency section */
		1A4245F02B55D4CE004157B5 /* PBXTargetDependency */ = {
			isa = PBXTargetDependency;
			target = 1A4245DC2B55D4C7004157B5 /* Conditional Reminder App */;
			targetProxy = 1A4245EF2B55D4CE004157B5 /* PBXContainerItemProxy */;
		};
		1A4245FA2B55D4CE004157B5 /* PBXTargetDependency */ = {
			isa = PBXTargetDependency;
			target = 1A4245DC2B55D4C7004157B5 /* Conditional Reminder App */;
			targetProxy = 1A4245F92B55D4CE004157B5 /* PBXContainerItemProxy */;
		};
/* End PBXTargetDependency section */

/* Begin XCBuildConfiguration section */
		1A4246002B55D4CE004157B5 /* Debug */ = {
			isa = XCBuildConfiguration;
			buildSettings = {
				ALWAYS_SEARCH_USER_PATHS = NO;
				ASSETCATALOG_COMPILER_GENERATE_SWIFT_ASSET_SYMBOL_EXTENSIONS = YES;
				CLANG_ANALYZER_NONNULL = YES;
				CLANG_ANALYZER_NUMBER_OBJECT_CONVERSION = YES_AGGRESSIVE;
				CLANG_CXX_LANGUAGE_STANDARD = "gnu++20";
				CLANG_ENABLE_MODULES = YES;
				CLANG_ENABLE_OBJC_ARC = YES;
				CLANG_ENABLE_OBJC_WEAK = YES;
				CLANG_WARN_BLOCK_CAPTURE_AUTORELEASING = YES;
				CLANG_WARN_BOOL_CONVERSION = YES;
				CLANG_WARN_COMMA = YES;
				CLANG_WARN_CONSTANT_CONVERSION = YES;
				CLANG_WARN_DEPRECATED_OBJC_IMPLEMENTATIONS = YES;
				CLANG_WARN_DIRECT_OBJC_ISA_USAGE = YES_ERROR;
				CLANG_WARN_DOCUMENTATION_COMMENTS = YES;
				CLANG_WARN_EMPTY_BODY = YES;
				CLANG_WARN_ENUM_CONVERSION = YES;
				CLANG_WARN_INFINITE_RECURSION = YES;
				CLANG_WARN_INT_CONVERSION = YES;
				CLANG_WARN_NON_LITERAL_NULL_CONVERSION = YES;
				CLANG_WARN_OBJC_IMPLICIT_RETAIN_SELF = YES;
				CLANG_WARN_OBJC_LITERAL_CONVERSION = YES;
				CLANG_WARN_OBJC_ROOT_CLASS = YES_ERROR;
				CLANG_WARN_QUOTED_INCLUDE_IN_FRAMEWORK_HEADER = YES;
				CLANG_WARN_RANGE_LOOP_ANALYSIS = YES;
				CLANG_WARN_STRICT_PROTOTYPES = YES;
				CLANG_WARN_SUSPICIOUS_MOVE = YES;
				CLANG_WARN_UNGUARDED_AVAILABILITY = YES_AGGRESSIVE;
				CLANG_WARN_UNREACHABLE_CODE = YES;
				CLANG_WARN__DUPLICATE_METHOD_MATCH = YES;
				COPY_PHASE_STRIP = NO;
				DEBUG_INFORMATION_FORMAT = dwarf;
				ENABLE_STRICT_OBJC_MSGSEND = YES;
				ENABLE_TESTABILITY = YES;
				ENABLE_USER_SCRIPT_SANDBOXING = YES;
				GCC_C_LANGUAGE_STANDARD = gnu17;
				GCC_DYNAMIC_NO_PIC = NO;
				GCC_NO_COMMON_BLOCKS = YES;
				GCC_OPTIMIZATION_LEVEL = 0;
				GCC_PREPROCESSOR_DEFINITIONS = (
					"DEBUG=1",
					"$(inherited)",
				);
				GCC_WARN_64_TO_32_BIT_CONVERSION = YES;
				GCC_WARN_ABOUT_RETURN_TYPE = YES_ERROR;
				GCC_WARN_UNDECLARED_SELECTOR = YES;
				GCC_WARN_UNINITIALIZED_AUTOS = YES_AGGRESSIVE;
				GCC_WARN_UNUSED_FUNCTION = YES;
				GCC_WARN_UNUSED_VARIABLE = YES;
				LOCALIZATION_PREFERS_STRING_CATALOGS = YES;
				MTL_ENABLE_DEBUG_INFO = INCLUDE_SOURCE;
				MTL_FAST_MATH = YES;
				ONLY_ACTIVE_ARCH = YES;
				SWIFT_ACTIVE_COMPILATION_CONDITIONS = "DEBUG $(inherited)";
				SWIFT_OPTIMIZATION_LEVEL = "-Onone";
			};
			name = Debug;
		};
		1A4246012B55D4CE004157B5 /* Release */ = {
			isa = XCBuildConfiguration;
			buildSettings = {
				ALWAYS_SEARCH_USER_PATHS = NO;
				ASSETCATALOG_COMPILER_GENERATE_SWIFT_ASSET_SYMBOL_EXTENSIONS = YES;
				CLANG_ANALYZER_NONNULL = YES;
				CLANG_ANALYZER_NUMBER_OBJECT_CONVERSION = YES_AGGRESSIVE;
				CLANG_CXX_LANGUAGE_STANDARD = "gnu++20";
				CLANG_ENABLE_MODULES = YES;
				CLANG_ENABLE_OBJC_ARC = YES;
				CLANG_ENABLE_OBJC_WEAK = YES;
				CLANG_WARN_BLOCK_CAPTURE_AUTORELEASING = YES;
				CLANG_WARN_BOOL_CONVERSION = YES;
				CLANG_WARN_COMMA = YES;
				CLANG_WARN_CONSTANT_CONVERSION = YES;
				CLANG_WARN_DEPRECATED_OBJC_IMPLEMENTATIONS = YES;
				CLANG_WARN_DIRECT_OBJC_ISA_USAGE = YES_ERROR;
				CLANG_WARN_DOCUMENTATION_COMMENTS = YES;
				CLANG_WARN_EMPTY_BODY = YES;
				CLANG_WARN_ENUM_CONVERSION = YES;
				CLANG_WARN_INFINITE_RECURSION = YES;
				CLANG_WARN_INT_CONVERSION = YES;
				CLANG_WARN_NON_LITERAL_NULL_CONVERSION = YES;
				CLANG_WARN_OBJC_IMPLICIT_RETAIN_SELF = YES;
				CLANG_WARN_OBJC_LITERAL_CONVERSION = YES;
				CLANG_WARN_OBJC_ROOT_CLASS = YES_ERROR;
				CLANG_WARN_QUOTED_INCLUDE_IN_FRAMEWORK_HEADER = YES;
				CLANG_WARN_RANGE_LOOP_ANALYSIS = YES;
				CLANG_WARN_STRICT_PROTOTYPES = YES;
				CLANG_WARN_SUSPICIOUS_MOVE = YES;
				CLANG_WARN_UNGUARDED_AVAILABILITY = YES_AGGRESSIVE;
				CLANG_WARN_UNREACHABLE_CODE = YES;
				CLANG_WARN__DUPLICATE_METHOD_MATCH = YES;
				COPY_PHASE_STRIP = NO;
				DEBUG_INFORMATION_FORMAT = "dwarf-with-dsym";
				ENABLE_NS_ASSERTIONS = NO;
				ENABLE_STRICT_OBJC_MSGSEND = YES;
				ENABLE_USER_SCRIPT_SANDBOXING = YES;
				GCC_C_LANGUAGE_STANDARD = gnu17;
				GCC_NO_COMMON_BLOCKS = YES;
				GCC_WARN_64_TO_32_BIT_CONVERSION = YES;
				GCC_WARN_ABOUT_RETURN_TYPE = YES_ERROR;
				GCC_WARN_UNDECLARED_SELECTOR = YES;
				GCC_WARN_UNINITIALIZED_AUTOS = YES_AGGRESSIVE;
				GCC_WARN_UNUSED_FUNCTION = YES;
				GCC_WARN_UNUSED_VARIABLE = YES;
				LOCALIZATION_PREFERS_STRING_CATALOGS = YES;
				MTL_ENABLE_DEBUG_INFO = NO;
				MTL_FAST_MATH = YES;
				SWIFT_COMPILATION_MODE = wholemodule;
			};
			name = Release;
		};
		1A4246032B55D4CE004157B5 /* Debug */ = {
			isa = XCBuildConfiguration;
			buildSettings = {
				ASSETCATALOG_COMPILER_APPICON_NAME = AppIcon;
				ASSETCATALOG_COMPILER_GLOBAL_ACCENT_COLOR_NAME = AccentColor;
				CODE_SIGN_ENTITLEMENTS = "Conditional Reminder App/Conditional_Reminder_App.entitlements";
				CODE_SIGN_STYLE = Automatic;
				CURRENT_PROJECT_VERSION = 1;
				DEVELOPMENT_ASSET_PATHS = "\"Conditional Reminder App/Preview Content\"";
				DEVELOPMENT_TEAM = 929QZ2HG57;
				ENABLE_HARDENED_RUNTIME = YES;
				ENABLE_PREVIEWS = YES;
				GENERATE_INFOPLIST_FILE = YES;
				"INFOPLIST_KEY_UIApplicationSceneManifest_Generation[sdk=iphoneos*]" = YES;
				"INFOPLIST_KEY_UIApplicationSceneManifest_Generation[sdk=iphonesimulator*]" = YES;
				"INFOPLIST_KEY_UIApplicationSupportsIndirectInputEvents[sdk=iphoneos*]" = YES;
				"INFOPLIST_KEY_UIApplicationSupportsIndirectInputEvents[sdk=iphonesimulator*]" = YES;
				"INFOPLIST_KEY_UILaunchScreen_Generation[sdk=iphoneos*]" = YES;
				"INFOPLIST_KEY_UILaunchScreen_Generation[sdk=iphonesimulator*]" = YES;
				"INFOPLIST_KEY_UIStatusBarStyle[sdk=iphoneos*]" = UIStatusBarStyleDefault;
				"INFOPLIST_KEY_UIStatusBarStyle[sdk=iphonesimulator*]" = UIStatusBarStyleDefault;
				INFOPLIST_KEY_UISupportedInterfaceOrientations_iPad = "UIInterfaceOrientationPortrait UIInterfaceOrientationPortraitUpsideDown UIInterfaceOrientationLandscapeLeft UIInterfaceOrientationLandscapeRight";
				INFOPLIST_KEY_UISupportedInterfaceOrientations_iPhone = "UIInterfaceOrientationPortrait UIInterfaceOrientationLandscapeLeft UIInterfaceOrientationLandscapeRight";
				IPHONEOS_DEPLOYMENT_TARGET = 17.2;
				LD_RUNPATH_SEARCH_PATHS = "@executable_path/Frameworks";
				"LD_RUNPATH_SEARCH_PATHS[sdk=macosx*]" = "@executable_path/../Frameworks";
				MACOSX_DEPLOYMENT_TARGET = 14.2;
				MARKETING_VERSION = 1.0;
				PRODUCT_BUNDLE_IDENTIFIER = "xyz.playbyear.Conditional-Reminder-App";
				PRODUCT_NAME = "$(TARGET_NAME)";
				SDKROOT = auto;
				SUPPORTED_PLATFORMS = "iphoneos iphonesimulator macosx";
				SWIFT_EMIT_LOC_STRINGS = YES;
				SWIFT_VERSION = 5.0;
				TARGETED_DEVICE_FAMILY = "1,2";
			};
			name = Debug;
		};
		1A4246042B55D4CE004157B5 /* Release */ = {
			isa = XCBuildConfiguration;
			buildSettings = {
				ASSETCATALOG_COMPILER_APPICON_NAME = AppIcon;
				ASSETCATALOG_COMPILER_GLOBAL_ACCENT_COLOR_NAME = AccentColor;
				CODE_SIGN_ENTITLEMENTS = "Conditional Reminder App/Conditional_Reminder_App.entitlements";
				CODE_SIGN_STYLE = Automatic;
				CURRENT_PROJECT_VERSION = 1;
				DEVELOPMENT_ASSET_PATHS = "\"Conditional Reminder App/Preview Content\"";
				DEVELOPMENT_TEAM = 929QZ2HG57;
				ENABLE_HARDENED_RUNTIME = YES;
				ENABLE_PREVIEWS = YES;
				GENERATE_INFOPLIST_FILE = YES;
				"INFOPLIST_KEY_UIApplicationSceneManifest_Generation[sdk=iphoneos*]" = YES;
				"INFOPLIST_KEY_UIApplicationSceneManifest_Generation[sdk=iphonesimulator*]" = YES;
				"INFOPLIST_KEY_UIApplicationSupportsIndirectInputEvents[sdk=iphoneos*]" = YES;
				"INFOPLIST_KEY_UIApplicationSupportsIndirectInputEvents[sdk=iphonesimulator*]" = YES;
				"INFOPLIST_KEY_UILaunchScreen_Generation[sdk=iphoneos*]" = YES;
				"INFOPLIST_KEY_UILaunchScreen_Generation[sdk=iphonesimulator*]" = YES;
				"INFOPLIST_KEY_UIStatusBarStyle[sdk=iphoneos*]" = UIStatusBarStyleDefault;
				"INFOPLIST_KEY_UIStatusBarStyle[sdk=iphonesimulator*]" = UIStatusBarStyleDefault;
				INFOPLIST_KEY_UISupportedInterfaceOrientations_iPad = "UIInterfaceOrientationPortrait UIInterfaceOrientationPortraitUpsideDown UIInterfaceOrientationLandscapeLeft UIInterfaceOrientationLandscapeRight";
				INFOPLIST_KEY_UISupportedInterfaceOrientations_iPhone = "UIInterfaceOrientationPortrait UIInterfaceOrientationLandscapeLeft UIInterfaceOrientationLandscapeRight";
				IPHONEOS_DEPLOYMENT_TARGET = 17.2;
				LD_RUNPATH_SEARCH_PATHS = "@executable_path/Frameworks";
				"LD_RUNPATH_SEARCH_PATHS[sdk=macosx*]" = "@executable_path/../Frameworks";
				MACOSX_DEPLOYMENT_TARGET = 14.2;
				MARKETING_VERSION = 1.0;
				PRODUCT_BUNDLE_IDENTIFIER = "xyz.playbyear.Conditional-Reminder-App";
				PRODUCT_NAME = "$(TARGET_NAME)";
				SDKROOT = auto;
				SUPPORTED_PLATFORMS = "iphoneos iphonesimulator macosx";
				SWIFT_EMIT_LOC_STRINGS = YES;
				SWIFT_VERSION = 5.0;
				TARGETED_DEVICE_FAMILY = "1,2";
			};
			name = Release;
		};
		1A4246062B55D4CE004157B5 /* Debug */ = {
			isa = XCBuildConfiguration;
			buildSettings = {
				ALWAYS_EMBED_SWIFT_STANDARD_LIBRARIES = YES;
				BUNDLE_LOADER = "$(TEST_HOST)";
				CODE_SIGN_STYLE = Automatic;
				CURRENT_PROJECT_VERSION = 1;
				DEVELOPMENT_TEAM = 929QZ2HG57;
				GENERATE_INFOPLIST_FILE = YES;
				IPHONEOS_DEPLOYMENT_TARGET = 17.2;
				MACOSX_DEPLOYMENT_TARGET = 14.2;
				MARKETING_VERSION = 1.0;
				PRODUCT_BUNDLE_IDENTIFIER = "xyz.playbyear.Conditional-Reminder-AppTests";
				PRODUCT_NAME = "$(TARGET_NAME)";
				SDKROOT = auto;
				SUPPORTED_PLATFORMS = "iphoneos iphonesimulator macosx";
				SWIFT_EMIT_LOC_STRINGS = NO;
				SWIFT_VERSION = 5.0;
				TARGETED_DEVICE_FAMILY = "1,2";
				TEST_HOST = "$(BUILT_PRODUCTS_DIR)/Conditional Reminder App.app/$(BUNDLE_EXECUTABLE_FOLDER_PATH)/Conditional Reminder App";
			};
			name = Debug;
		};
		1A4246072B55D4CE004157B5 /* Release */ = {
			isa = XCBuildConfiguration;
			buildSettings = {
				ALWAYS_EMBED_SWIFT_STANDARD_LIBRARIES = YES;
				BUNDLE_LOADER = "$(TEST_HOST)";
				CODE_SIGN_STYLE = Automatic;
				CURRENT_PROJECT_VERSION = 1;
				DEVELOPMENT_TEAM = 929QZ2HG57;
				GENERATE_INFOPLIST_FILE = YES;
				IPHONEOS_DEPLOYMENT_TARGET = 17.2;
				MACOSX_DEPLOYMENT_TARGET = 14.2;
				MARKETING_VERSION = 1.0;
				PRODUCT_BUNDLE_IDENTIFIER = "xyz.playbyear.Conditional-Reminder-AppTests";
				PRODUCT_NAME = "$(TARGET_NAME)";
				SDKROOT = auto;
				SUPPORTED_PLATFORMS = "iphoneos iphonesimulator macosx";
				SWIFT_EMIT_LOC_STRINGS = NO;
				SWIFT_VERSION = 5.0;
				TARGETED_DEVICE_FAMILY = "1,2";
				TEST_HOST = "$(BUILT_PRODUCTS_DIR)/Conditional Reminder App.app/$(BUNDLE_EXECUTABLE_FOLDER_PATH)/Conditional Reminder App";
			};
			name = Release;
		};
		1A4246092B55D4CE004157B5 /* Debug */ = {
			isa = XCBuildConfiguration;
			buildSettings = {
				ALWAYS_EMBED_SWIFT_STANDARD_LIBRARIES = YES;
				CODE_SIGN_STYLE = Automatic;
				CURRENT_PROJECT_VERSION = 1;
				DEVELOPMENT_TEAM = 929QZ2HG57;
				GENERATE_INFOPLIST_FILE = YES;
				IPHONEOS_DEPLOYMENT_TARGET = 17.2;
				MACOSX_DEPLOYMENT_TARGET = 14.2;
				MARKETING_VERSION = 1.0;
				PRODUCT_BUNDLE_IDENTIFIER = "xyz.playbyear.Conditional-Reminder-AppUITests";
				PRODUCT_NAME = "$(TARGET_NAME)";
				SDKROOT = auto;
				SUPPORTED_PLATFORMS = "iphoneos iphonesimulator macosx";
				SWIFT_EMIT_LOC_STRINGS = NO;
				SWIFT_VERSION = 5.0;
				TARGETED_DEVICE_FAMILY = "1,2";
				TEST_TARGET_NAME = "Conditional Reminder App";
			};
			name = Debug;
		};
		1A42460A2B55D4CE004157B5 /* Release */ = {
			isa = XCBuildConfiguration;
			buildSettings = {
				ALWAYS_EMBED_SWIFT_STANDARD_LIBRARIES = YES;
				CODE_SIGN_STYLE = Automatic;
				CURRENT_PROJECT_VERSION = 1;
				DEVELOPMENT_TEAM = 929QZ2HG57;
				GENERATE_INFOPLIST_FILE = YES;
				IPHONEOS_DEPLOYMENT_TARGET = 17.2;
				MACOSX_DEPLOYMENT_TARGET = 14.2;
				MARKETING_VERSION = 1.0;
				PRODUCT_BUNDLE_IDENTIFIER = "xyz.playbyear.Conditional-Reminder-AppUITests";
				PRODUCT_NAME = "$(TARGET_NAME)";
				SDKROOT = auto;
				SUPPORTED_PLATFORMS = "iphoneos iphonesimulator macosx";
				SWIFT_EMIT_LOC_STRINGS = NO;
				SWIFT_VERSION = 5.0;
				TARGETED_DEVICE_FAMILY = "1,2";
				TEST_TARGET_NAME = "Conditional Reminder App";
			};
			name = Release;
		};
/* End XCBuildConfiguration section */

/* Begin XCConfigurationList section */
		1A4245D82B55D4C7004157B5 /* Build configuration list for PBXProject "Conditional Reminder App" */ = {
			isa = XCConfigurationList;
			buildConfigurations = (
				1A4246002B55D4CE004157B5 /* Debug */,
				1A4246012B55D4CE004157B5 /* Release */,
			);
			defaultConfigurationIsVisible = 0;
			defaultConfigurationName = Release;
		};
		1A4246022B55D4CE004157B5 /* Build configuration list for PBXNativeTarget "Conditional Reminder App" */ = {
			isa = XCConfigurationList;
			buildConfigurations = (
				1A4246032B55D4CE004157B5 /* Debug */,
				1A4246042B55D4CE004157B5 /* Release */,
			);
			defaultConfigurationIsVisible = 0;
			defaultConfigurationName = Release;
		};
		1A4246052B55D4CE004157B5 /* Build configuration list for PBXNativeTarget "Conditional Reminder AppTests" */ = {
			isa = XCConfigurationList;
			buildConfigurations = (
				1A4246062B55D4CE004157B5 /* Debug */,
				1A4246072B55D4CE004157B5 /* Release */,
			);
			defaultConfigurationIsVisible = 0;
			defaultConfigurationName = Release;
		};
		1A4246082B55D4CE004157B5 /* Build configuration list for PBXNativeTarget "Conditional Reminder AppUITests" */ = {
			isa = XCConfigurationList;
			buildConfigurations = (
				1A4246092B55D4CE004157B5 /* Debug */,
				1A42460A2B55D4CE004157B5 /* Release */,
			);
			defaultConfigurationIsVisible = 0;
			defaultConfigurationName = Release;
		};
/* End XCConfigurationList section */

/* Begin XCVersionGroup section */
		1AD547102B688FAC00284D3E /* ReminderModel.xcdatamodeld */ = {
			isa = XCVersionGroup;
			children = (
				1AD547112B688FAC00284D3E /* ReminderModel.xcdatamodel */,
			);
			currentVersion = 1AD547112B688FAC00284D3E /* ReminderModel.xcdatamodel */;
			path = ReminderModel.xcdatamodeld;
			sourceTree = "<group>";
			versionGroupType = wrapper.xcdatamodel;
		};
/* End XCVersionGroup section */
	};
	rootObject = 1A4245D52B55D4C7004157B5 /* Project object */;
}
